// !$*UTF8*$!
{
	archiveVersion = 1;
	classes = {
	};
	objectVersion = 46;
	objects = {

/* Begin PBXBuildFile section */
		9228C1171EC4BD2B00962F7A /* AppDelegate.swift in Sources */ = {isa = PBXBuildFile; fileRef = 9228C1161EC4BD2B00962F7A /* AppDelegate.swift */; };
		9228C1191EC4BD2B00962F7A /* ViewController.swift in Sources */ = {isa = PBXBuildFile; fileRef = 9228C1181EC4BD2B00962F7A /* ViewController.swift */; };
		9228C11E1EC4BD2B00962F7A /* Assets.xcassets in Resources */ = {isa = PBXBuildFile; fileRef = 9228C11D1EC4BD2B00962F7A /* Assets.xcassets */; };
		9228C1211EC4BD2B00962F7A /* LaunchScreen.storyboard in Resources */ = {isa = PBXBuildFile; fileRef = 9228C11F1EC4BD2B00962F7A /* LaunchScreen.storyboard */; };
		9228C1291EC4BD4B00962F7A /* exam.plist in Resources */ = {isa = PBXBuildFile; fileRef = 9228C1281EC4BD4B00962F7A /* exam.plist */; };
		9228C12B1EC4BDA400962F7A /* Main.storyboard in Resources */ = {isa = PBXBuildFile; fileRef = 9228C12A1EC4BDA400962F7A /* Main.storyboard */; };
/* End PBXBuildFile section */

/* Begin PBXFileReference section */
		9228C1131EC4BD2B00962F7A /* PropertyListsDemo.app */ = {isa = PBXFileReference; explicitFileType = wrapper.application; includeInIndex = 0; path = PropertyListsDemo.app; sourceTree = BUILT_PRODUCTS_DIR; };
		9228C1161EC4BD2B00962F7A /* AppDelegate.swift */ = {isa = PBXFileReference; lastKnownFileType = sourcecode.swift; path = AppDelegate.swift; sourceTree = "<group>"; };
		9228C1181EC4BD2B00962F7A /* ViewController.swift */ = {isa = PBXFileReference; lastKnownFileType = sourcecode.swift; path = ViewController.swift; sourceTree = "<group>"; };
		9228C11D1EC4BD2B00962F7A /* Assets.xcassets */ = {isa = PBXFileReference; lastKnownFileType = folder.assetcatalog; path = Assets.xcassets; sourceTree = "<group>"; };
		9228C1201EC4BD2B00962F7A /* Base */ = {isa = PBXFileReference; lastKnownFileType = file.storyboard; name = Base; path = Base.lproj/LaunchScreen.storyboard; sourceTree = "<group>"; };
		9228C1221EC4BD2B00962F7A /* Info.plist */ = {isa = PBXFileReference; lastKnownFileType = text.plist.xml; path = Info.plist; sourceTree = "<group>"; };
		9228C1281EC4BD4B00962F7A /* exam.plist */ = {isa = PBXFileReference; fileEncoding = 4; lastKnownFileType = text.plist.xml; path = exam.plist; sourceTree = "<group>"; };
		9228C12A1EC4BDA400962F7A /* Main.storyboard */ = {isa = PBXFileReference; fileEncoding = 4; lastKnownFileType = file.storyboard; path = Main.storyboard; sourceTree = "<group>"; };
/* End PBXFileReference section */

/* Begin PBXFrameworksBuildPhase section */
		9228C1101EC4BD2B00962F7A /* Frameworks */ = {
			isa = PBXFrameworksBuildPhase;
			buildActionMask = 2147483647;
			files = (
			);
			runOnlyForDeploymentPostprocessing = 0;
		};
/* End PBXFrameworksBuildPhase section */

/* Begin PBXGroup section */
		9228C10A1EC4BD2B00962F7A = {
			isa = PBXGroup;
			children = (
				9228C1151EC4BD2B00962F7A /* PropertyListsDemo */,
				9228C1141EC4BD2B00962F7A /* Products */,
			);
			sourceTree = "<group>";
		};
		9228C1141EC4BD2B00962F7A /* Products */ = {
			isa = PBXGroup;
			children = (
				9228C1131EC4BD2B00962F7A /* PropertyListsDemo.app */,
			);
			name = Products;
			sourceTree = "<group>";
		};
		9228C1151EC4BD2B00962F7A /* PropertyListsDemo */ = {
			isa = PBXGroup;
			children = (
				9228C1161EC4BD2B00962F7A /* AppDelegate.swift */,
				9228C1181EC4BD2B00962F7A /* ViewController.swift */,
				9228C12A1EC4BDA400962F7A /* Main.storyboard */,
				9228C11D1EC4BD2B00962F7A /* Assets.xcassets */,
				9228C11F1EC4BD2B00962F7A /* LaunchScreen.storyboard */,
				9228C1221EC4BD2B00962F7A /* Info.plist */,
				9228C1281EC4BD4B00962F7A /* exam.plist */,
			);
			path = PropertyListsDemo;
			sourceTree = "<group>";
		};
/* End PBXGroup section */

/* Begin PBXNativeTarget section */
		9228C1121EC4BD2B00962F7A /* PropertyListsDemo */ = {
			isa = PBXNativeTarget;
			buildConfigurationList = 9228C1251EC4BD2B00962F7A /* Build configuration list for PBXNativeTarget "PropertyListsDemo" */;
			buildPhases = (
				9228C10F1EC4BD2B00962F7A /* Sources */,
				9228C1101EC4BD2B00962F7A /* Frameworks */,
				9228C1111EC4BD2B00962F7A /* Resources */,
			);
			buildRules = (
			);
			dependencies = (
			);
			name = PropertyListsDemo;
			productName = PropertyListsDemo;
			productReference = 9228C1131EC4BD2B00962F7A /* PropertyListsDemo.app */;
			productType = "com.apple.product-type.application";
		};
/* End PBXNativeTarget section */

/* Begin PBXProject section */
		9228C10B1EC4BD2B00962F7A /* Project object */ = {
			isa = PBXProject;
			attributes = {
				LastSwiftUpdateCheck = 0830;
				LastUpgradeCheck = 0830;
				ORGANIZATIONNAME = xuandieu;
				TargetAttributes = {
					9228C1121EC4BD2B00962F7A = {
						CreatedOnToolsVersion = 8.3;
						ProvisioningStyle = Automatic;
					};
				};
			};
			buildConfigurationList = 9228C10E1EC4BD2B00962F7A /* Build configuration list for PBXProject "PropertyListsDemo" */;
			compatibilityVersion = "Xcode 3.2";
			developmentRegion = English;
			hasScannedForEncodings = 0;
			knownRegions = (
				en,
				Base,
			);
			mainGroup = 9228C10A1EC4BD2B00962F7A;
			productRefGroup = 9228C1141EC4BD2B00962F7A /* Products */;
			projectDirPath = "";
			projectRoot = "";
			targets = (
				9228C1121EC4BD2B00962F7A /* PropertyListsDemo */,
			);
		};
/* End PBXProject section */

/* Begin PBXResourcesBuildPhase section */
		9228C1111EC4BD2B00962F7A /* Resources */ = {
			isa = PBXResourcesBuildPhase;
			buildActionMask = 2147483647;
			files = (
				9228C1211EC4BD2B00962F7A /* LaunchScreen.storyboard in Resources */,
				9228C12B1EC4BDA400962F7A /* Main.storyboard in Resources */,
				9228C11E1EC4BD2B00962F7A /* Assets.xcassets in Resources */,
				9228C1291EC4BD4B00962F7A /* exam.plist in Resources */,
			);
			runOnlyForDeploymentPostprocessing = 0;
		};
/* End PBXResourcesBuildPhase section */

/* Begin PBXSourcesBuildPhase section */
		9228C10F1EC4BD2B00962F7A /* Sources */ = {
			isa = PBXSourcesBuildPhase;
			buildActionMask = 2147483647;
			files = (
				9228C1191EC4BD2B00962F7A /* ViewController.swift in Sources */,
				9228C1171EC4BD2B00962F7A /* AppDelegate.swift in Sources */,
			);
			runOnlyForDeploymentPostprocessing = 0;
		};
/* End PBXSourcesBuildPhase section */

/* Begin PBXVariantGroup section */
		9228C11F1EC4BD2B00962F7A /* LaunchScreen.storyboard */ = {
			isa = PBXVariantGroup;
			children = (
				9228C1201EC4BD2B00962F7A /* Base */,
			);
			name = LaunchScreen.storyboard;
			sourceTree = "<group>";
		};
/* End PBXVariantGroup section */

/* Begin XCBuildConfiguration section */
		9228C1231EC4BD2B00962F7A /* Debug */ = {
			isa = XCBuildConfiguration;
			buildSettings = {
				ALWAYS_SEARCH_USER_PATHS = NO;
				CLANG_ANALYZER_NONNULL = YES;
				CLANG_ANALYZER_NUMBER_OBJECT_CONVERSION = YES_AGGRESSIVE;
				CLANG_CXX_LANGUAGE_STANDARD = "gnu++0x";
				CLANG_CXX_LIBRARY = "libc++";
				CLANG_ENABLE_MODULES = YES;
				CLANG_ENABLE_OBJC_ARC = YES;
				CLANG_WARN_BOOL_CONVERSION = YES;
				CLANG_WARN_CONSTANT_CONVERSION = YES;
				CLANG_WARN_DIRECT_OBJC_ISA_USAGE = YES_ERROR;
				CLANG_WARN_DOCUMENTATION_COMMENTS = YES;
				CLANG_WARN_EMPTY_BODY = YES;
				CLANG_WARN_ENUM_CONVERSION = YES;
				CLANG_WARN_INFINITE_RECURSION = YES;
				CLANG_WARN_INT_CONVERSION = YES;
				CLANG_WARN_OBJC_ROOT_CLASS = YES_ERROR;
				CLANG_WARN_SUSPICIOUS_MOVE = YES;
				CLANG_WARN_UNREACHABLE_CODE = YES;
				CLANG_WARN__DUPLICATE_METHOD_MATCH = YES;
				"CODE_SIGN_IDENTITY[sdk=iphoneos*]" = "iPhone Developer";
				COPY_PHASE_STRIP = NO;
				DEBUG_INFORMATION_FORMAT = dwarf;
				ENABLE_STRICT_OBJC_MSGSEND = YES;
				ENABLE_TESTABILITY = YES;
				GCC_C_LANGUAGE_STANDARD = gnu99;
				GCC_DYNAMIC_NO_PIC = NO;
				GCC_NO_COMMON_BLOCKS = YES;
				GCC_OPTIMIZATION_LEVEL = 0;
				GCC_PREPROCESSOR_DEFINITIONS = (
					"DEBUG=1",
					"$(inherited)",
				);
				GCC_WARN_64_TO_32_BIT_CONVERSION = YES;
				GCC_WARN_ABOUT_RETURN_TYPE = YES_ERROR;
				GCC_WARN_UNDECLARED_SELECTOR = YES;
				GCC_WARN_UNINITIALIZED_AUTOS = YES_AGGRESSIVE;
				GCC_WARN_UNUSED_FUNCTION = YES;
				GCC_WARN_UNUSED_VARIABLE = YES;
				IPHONEOS_DEPLOYMENT_TARGET = 10.3;
				MTL_ENABLE_DEBUG_INFO = YES;
				ONLY_ACTIVE_ARCH = YES;
				SDKROOT = iphoneos;
				SWIFT_ACTIVE_COMPILATION_CONDITIONS = DEBUG;
				SWIFT_OPTIMIZATION_LEVEL = "-Onone";
				TARGETED_DEVICE_FAMILY = "1,2";
			};
			name = Debug;
		};
		9228C1241EC4BD2B00962F7A /* Release */ = {
			isa = XCBuildConfiguration;
			buildSettings = {
				ALWAYS_SEARCH_USER_PATHS = NO;
				CLANG_ANALYZER_NONNULL = YES;
				CLANG_ANALYZER_NUMBER_OBJECT_CONVERSION = YES_AGGRESSIVE;
				CLANG_CXX_LANGUAGE_STANDARD = "gnu++0x";
				CLANG_CXX_LIBRARY = "libc++";
				CLANG_ENABLE_MODULES = YES;
				CLANG_ENABLE_OBJC_ARC = YES;
				CLANG_WARN_BOOL_CONVERSION = YES;
				CLANG_WARN_CONSTANT_CONVERSION = YES;
				CLANG_WARN_DIRECT_OBJC_ISA_USAGE = YES_ERROR;
				CLANG_WARN_DOCUMENTATION_COMMENTS = YES;
				CLANG_WARN_EMPTY_BODY = YES;
				CLANG_WARN_ENUM_CONVERSION = YES;
				CLANG_WARN_INFINITE_RECURSION = YES;
				CLANG_WARN_INT_CONVERSION = YES;
				CLANG_WARN_OBJC_ROOT_CLASS = YES_ERROR;
				CLANG_WARN_SUSPICIOUS_MOVE = YES;
				CLANG_WARN_UNREACHABLE_CODE = YES;
				CLANG_WARN__DUPLICATE_METHOD_MATCH = YES;
				"CODE_SIGN_IDENTITY[sdk=iphoneos*]" = "iPhone Developer";
				COPY_PHASE_STRIP = NO;
				DEBUG_INFORMATION_FORMAT = "dwarf-with-dsym";
				ENABLE_NS_ASSERTIONS = NO;
				ENABLE_STRICT_OBJC_MSGSEND = YES;
				GCC_C_LANGUAGE_STANDARD = gnu99;
				GCC_NO_COMMON_BLOCKS = YES;
				GCC_WARN_64_TO_32_BIT_CONVERSION = YES;
				GCC_WARN_ABOUT_RETURN_TYPE = YES_ERROR;
				GCC_WARN_UNDECLARED_SELECTOR = YES;
				GCC_WARN_UNINITIALIZED_AUTOS = YES_AGGRESSIVE;
				GCC_WARN_UNUSED_FUNCTION = YES;
				GCC_WARN_UNUSED_VARIABLE = YES;
				IPHONEOS_DEPLOYMENT_TARGET = 10.3;
				MTL_ENABLE_DEBUG_INFO = NO;
				SDKROOT = iphoneos;
				SWIFT_OPTIMIZATION_LEVEL = "-Owholemodule";
				TARGETED_DEVICE_FAMILY = "1,2";
				VALIDATE_PRODUCT = YES;
			};
			name = Release;
		};
		9228C1261EC4BD2B00962F7A /* Debug */ = {
			isa = XCBuildConfiguration;
			buildSettings = {
				ASSETCATALOG_COMPILER_APPICON_NAME = AppIcon;
				INFOPLIST_FILE = PropertyListsDemo/Info.plist;
				LD_RUNPATH_SEARCH_PATHS = "$(inherited) @executable_path/Frameworks";
				PRODUCT_BUNDLE_IDENTIFIER = xuandieu.PropertyListsDemo;
				PRODUCT_NAME = "$(TARGET_NAME)";
				SWIFT_VERSION = 3.0;
			};
			name = Debug;
		};
		9228C1271EC4BD2B00962F7A /* Release */ = {
			isa = XCBuildConfiguration;
			buildSettings = {
				ASSETCATALOG_COMPILER_APPICON_NAME = AppIcon;
				INFOPLIST_FILE = PropertyListsDemo/Info.plist;
				LD_RUNPATH_SEARCH_PATHS = "$(inherited) @executable_path/Frameworks";
				PRODUCT_BUNDLE_IDENTIFIER = xuandieu.PropertyListsDemo;
				PRODUCT_NAME = "$(TARGET_NAME)";
				SWIFT_VERSION = 3.0;
			};
			name = Release;
		};
/* End XCBuildConfiguration section */

/* Begin XCConfigurationList section */
		9228C10E1EC4BD2B00962F7A /* Build configuration list for PBXProject "PropertyListsDemo" */ = {
			isa = XCConfigurationList;
			buildConfigurations = (
				9228C1231EC4BD2B00962F7A /* Debug */,
				9228C1241EC4BD2B00962F7A /* Release */,
			);
			defaultConfigurationIsVisible = 0;
			defaultConfigurationName = Release;
		};
		9228C1251EC4BD2B00962F7A /* Build configuration list for PBXNativeTarget "PropertyListsDemo" */ = {
			isa = XCConfigurationList;
			buildConfigurations = (
				9228C1261EC4BD2B00962F7A /* Debug */,
				9228C1271EC4BD2B00962F7A /* Release */,
			);
			defaultConfigurationIsVisible = 0;
		};
/* End XCConfigurationList section */
	};
	rootObject = 9228C10B1EC4BD2B00962F7A /* Project object */;
}
